
Microsoft Visual Studio Solution File, Format Version 12.00
# Visual Studio Version 16
VisualStudioVersion = 16.0.31613.86
MinimumVisualStudioVersion = 10.0.40219.1
Project("{9A19103F-16F7-4668-BE54-9A1E7A4F7556}") = "AspNetSecurity.API", "AspNetSecurity.API\AspNetSecurity.API.csproj", "{20B9DD40-8CAF-48A9-A574-08E9400BF8C9}"
EndProject
Project("{FAE04EC0-301F-11D3-BF4B-00C04F79EFBC}") = "AspNetSecurity.IdentityServer", "AspNetSecurity.IdentityServer\AspNetSecurity.IdentityServer.csproj", "{116DD362-E95D-4AF6-91F7-D064DB38B92C}"
EndProject
Global
	GlobalSection(SolutionConfigurationPlatforms) = preSolution
		Debug|Any CPU = Debug|Any CPU
		Release|Any CPU = Release|Any CPU
	EndGlobalSection
	GlobalSection(ProjectConfigurationPlatforms) = postSolution
		{20B9DD40-8CAF-48A9-A574-08E9400BF8C9}.Debug|Any CPU.ActiveCfg = Debug|Any CPU
		{20B9DD40-8CAF-48A9-A574-08E9400BF8C9}.Debug|Any CPU.Build.0 = Debug|Any CPU
		{20B9DD40-8CAF-48A9-A574-08E9400BF8C9}.Release|Any CPU.ActiveCfg = Release|Any CPU
		{20B9DD40-8CAF-48A9-A574-08E9400BF8C9}.Release|Any CPU.Build.0 = Release|Any CPU
		{116DD362-E95D-4AF6-91F7-D064DB38B92C}.Debug|Any CPU.ActiveCfg = Debug|Any CPU
		{116DD362-E95D-4AF6-91F7-D064DB38B92C}.Debug|Any CPU.Build.0 = Debug|Any CPU
		{116DD362-E95D-4AF6-91F7-D064DB38B92C}.Release|Any CPU.ActiveCfg = Release|Any CPU
		{116DD362-E95D-4AF6-91F7-D064DB38B92C}.Release|Any CPU.Build.0 = Release|Any CPU
	EndGlobalSection
	GlobalSection(SolutionProperties) = preSolution
		HideSolutionNode = FALSE
	EndGlobalSection
	GlobalSection(ExtensibilityGlobals) = postSolution
		SolutionGuid = {6171D689-1C57-42DE-A868-6C924362AD9F}
	EndGlobalSection
EndGlobal
